locks:
  u/fii/f: ad0b51b7a9a1eb734bd3be8bd3cfeebac3e3a26b425a2fcab8ee5d38f5d75569
  u/fii/f2: a379c89b1c75a0401f3c55bff4137a840409b259873102a52a6bb54b0644b756
  u/fii/f9: 389360665064b263c3f6eb18bd8c4a72a3e74838af5ce18f2c8d2481143dea89
  u/fii/t: 72aa7188132cb551eb9b8c1bcaad792b50e6e3a7c7b906935f2924394a96d4e7
  u/fii/t1: 824b680238bc08d0a5f4bef860cff1cb531a86d368745f6bd283f6eac5c6551e
  u/fii/t10: d886819e55893bf1cbe1265788791e0db6591461b968b003ec7db0dbe8a72ce1
  u/fii/t13: aad4dd6a744f955b46e8d8b77711f69e31ab1c8749fda063f6963e423c046c4b
  u/fii/t14: dcee0c932202da6dfc176ec6c3566084a7777824a046c8aa55e883b5ab565204
  u/fii/t15: ebb672a24149949bfe1aeb3ed0aadf6ad5e61ea22b25053aa24df75043a67137
  u/fii/t2: 2f5114c742f73941db85dc0f4e712500fed927dfdbab7d6ad716f9b24e1f8bd7
  u/fii/t3: e54b0f7b6135911045534a3142b841a8ee4b44a8e945fd5103bcfea80bde51a9
  u/fii/t4: c9018e3d8fd99a0eb74e2d5ec3fe610548d665babe0ea55782e577a9b61ce65a
  u/fii/t5: 824b680238bc08d0a5f4bef860cff1cb531a86d368745f6bd283f6eac5c6551e
  u/fii/t6: 58b4ad9fca34e0cf290866e105db0a07bb338a08de874ce6c97f5c0d6cd5296d
  u/fii/t7: 59d64d63af4aa012fa831f53ee8eadbca736d4843f7ef544eb55d279d33801bf
  u/fii/t8: 5b8cf1b9b8344072e8cda8ea86d0ab39036075268c6547327ffdfa6e15f3593d
  u/fii/t9: c2cd570cd0abc7bd601c1ce817ff3f2dfa51bc1384671f1b4b45d25ca5577bbd
